
Microsoft Visual Studio Solution File, Format Version 12.00
# Visual Studio Version 17
VisualStudioVersion = 17.8.34511.84
MinimumVisualStudioVersion = 10.0.40219.1
Project("{FAE04EC0-301F-11D3-BF4B-00C04F79EFBC}") = "ProductAPI", "ProductAPI.csproj", "{9E5D9791-7E7E-46B4-91F9-20F4C5B07AB3}"
EndProject
Global
	GlobalSection(SolutionConfigurationPlatforms) = preSolution
		Debug|Any CPU = Debug|Any CPU
		Release|Any CPU = Release|Any CPU
	EndGlobalSection
	GlobalSection(ProjectConfigurationPlatforms) = postSolution
		{9E5D9791-7E7E-46B4-91F9-20F4C5B07AB3}.Debug|Any CPU.ActiveCfg = Debug|Any CPU
		{9E5D9791-7E7E-46B4-91F9-20F4C5B07AB3}.Debug|Any CPU.Build.0 = Debug|Any CPU
		{9E5D9791-7E7E-46B4-91F9-20F4C5B07AB3}.Release|Any CPU.ActiveCfg = Release|Any CPU
		{9E5D9791-7E7E-46B4-91F9-20F4C5B07AB3}.Release|Any CPU.Build.0 = Release|Any CPU
	EndGlobalSection
	GlobalSection(SolutionProperties) = preSolution
		HideSolutionNode = FALSE
	EndGlobalSection
	GlobalSection(ExtensibilityGlobals) = postSolution
		SolutionGuid = {7CC67F8D-6B5D-476B-9C88-0ECBED1EA242}
	EndGlobalSection
EndGlobal
